
Microsoft Visual Studio Solution File, Format Version 12.00
# Visual Studio Version 17
VisualStudioVersion = 17.1.32319.34
MinimumVisualStudioVersion = 10.0.40219.1
Project("{FAE04EC0-301F-11D3-BF4B-00C04F79EFBC}") = "TodoApi", "TodoApi\TodoApi.csproj", "{2471BC48-C771-4A19-B226-326A5FA92B4D}"
EndProject
Global
	GlobalSection(SolutionConfigurationPlatforms) = preSolution
		Debug|Any CPU = Debug|Any CPU
		Release|Any CPU = Release|Any CPU
	EndGlobalSection
	GlobalSection(ProjectConfigurationPlatforms) = postSolution
		{2471BC48-C771-4A19-B226-326A5FA92B4D}.Debug|Any CPU.ActiveCfg = Debug|Any CPU
		{2471BC48-C771-4A19-B226-326A5FA92B4D}.Debug|Any CPU.Build.0 = Debug|Any CPU
		{2471BC48-C771-4A19-B226-326A5FA92B4D}.Release|Any CPU.ActiveCfg = Release|Any CPU
		{2471BC48-C771-4A19-B226-326A5FA92B4D}.Release|Any CPU.Build.0 = Release|Any CPU
	EndGlobalSection
	GlobalSection(SolutionProperties) = preSolution
		HideSolutionNode = FALSE
	EndGlobalSection
	GlobalSection(ExtensibilityGlobals) = postSolution
		SolutionGuid = {CE074CAC-AF9C-430A-98B8-7C540A553861}
	EndGlobalSection
EndGlobal
